# This file is automatically @generated by Cargo.
# It is not intended for manual editing.
version = 4

[[package]]
name = "kallsyms-repro"
version = "0.0.0"
dependencies = [
 "ksym",
]

[[package]]
name = "ksym"
version = "0.6.0"
source = "registry+https://github.com/rust-lang/crates.io-index"
checksum = "b543b77d8cfa33302b6b51b6a255f9e85b06997b7c4a0a7354fcc8304036eb09"
